{
  "name": "@ajaydeep968/common",
  "version": "1.0.2",
  "lockfileVersion": 3,
  "requires": true,
  "packages": {
    "": {
      "name": "@ajaydeep968/common",
      "version": "1.0.2",
      "license": "ISC",
      "dependencies": {
        "@ajaydeep968/common": "^1.0.2",
        "zod": "^3.22.4"
      }
    },
    "node_modules/@ajaydeep968/common": {
      "version": "1.0.2",
      "resolved": "https://registry.npmjs.org/@ajaydeep968/common/-/common-1.0.2.tgz",
      "integrity": "sha512-Us5MVh/UqSkd3YakrIoLgdb5o5qX1E+6gawqpIc5i2XUmHp2WAtOAsL5nlzSuSlQ6s0s3nCXeCC4nKI3J/drGw==",
      "dependencies": {
        "zod": "^3.22.4"
      }
    },
    "node_modules/zod": {
      "version": "3.22.4",
      "resolved": "https://registry.npmjs.org/zod/-/zod-3.22.4.tgz",
      "integrity": "sha512-iC+8Io04lddc+mVqQ9AZ7OQ2MrUKGN+oIQyq1vemgt46jwCwLfhq7/pwnBnNXXXZb8VTVLKwp9EDkx+ryxIWmg==",
      "funding": {
        "url": "https://github.com/sponsors/colinhacks"
      }
    }
  }
}
